
Microsoft Visual Studio Solution File, Format Version 12.00
# Visual Studio 2012
Project("{FAE04EC0-301F-11D3-BF4B-00C04F79EFBC}") = "GetMyIpAddress", "GetMyIpAddress\GetMyIpAddress.csproj", "{EB2CEB79-29A0-4C3D-AF2D-BC704B32C861}"
EndProject
Project("{FAE04EC0-301F-11D3-BF4B-00C04F79EFBC}") = "GetMyIpAddress.iOS", "iOS\GetMyIpAddress.iOS.csproj", "{602BE3D4-1459-4489-847D-91D5624CBB5D}"
EndProject
Project("{FAE04EC0-301F-11D3-BF4B-00C04F79EFBC}") = "GetMyIpAddress.Droid", "Droid\GetMyIpAddress.Droid.csproj", "{FD9B2BA5-11DE-4102-AB8B-6A12C8671E66}"
EndProject
Global
	GlobalSection(SolutionConfigurationPlatforms) = preSolution
		Debug|Any CPU = Debug|Any CPU
		Release|Any CPU = Release|Any CPU
		Debug|iPhoneSimulator = Debug|iPhoneSimulator
		Release|iPhone = Release|iPhone
		Release|iPhoneSimulator = Release|iPhoneSimulator
		Debug|iPhone = Debug|iPhone
	EndGlobalSection
	GlobalSection(ProjectConfigurationPlatforms) = postSolution
		{EB2CEB79-29A0-4C3D-AF2D-BC704B32C861}.Debug|Any CPU.ActiveCfg = Debug|Any CPU
		{EB2CEB79-29A0-4C3D-AF2D-BC704B32C861}.Debug|Any CPU.Build.0 = Debug|Any CPU
		{EB2CEB79-29A0-4C3D-AF2D-BC704B32C861}.Release|Any CPU.ActiveCfg = Release|Any CPU
		{EB2CEB79-29A0-4C3D-AF2D-BC704B32C861}.Release|Any CPU.Build.0 = Release|Any CPU
		{EB2CEB79-29A0-4C3D-AF2D-BC704B32C861}.Debug|iPhoneSimulator.ActiveCfg = Debug|Any CPU
		{EB2CEB79-29A0-4C3D-AF2D-BC704B32C861}.Debug|iPhoneSimulator.Build.0 = Debug|Any CPU
		{EB2CEB79-29A0-4C3D-AF2D-BC704B32C861}.Release|iPhone.ActiveCfg = Release|Any CPU
		{EB2CEB79-29A0-4C3D-AF2D-BC704B32C861}.Release|iPhone.Build.0 = Release|Any CPU
		{EB2CEB79-29A0-4C3D-AF2D-BC704B32C861}.Release|iPhoneSimulator.ActiveCfg = Release|Any CPU
		{EB2CEB79-29A0-4C3D-AF2D-BC704B32C861}.Release|iPhoneSimulator.Build.0 = Release|Any CPU
		{EB2CEB79-29A0-4C3D-AF2D-BC704B32C861}.Debug|iPhone.ActiveCfg = Debug|Any CPU
		{EB2CEB79-29A0-4C3D-AF2D-BC704B32C861}.Debug|iPhone.Build.0 = Debug|Any CPU
		{602BE3D4-1459-4489-847D-91D5624CBB5D}.Debug|Any CPU.ActiveCfg = Debug|iPhoneSimulator
		{602BE3D4-1459-4489-847D-91D5624CBB5D}.Debug|Any CPU.Build.0 = Debug|iPhoneSimulator
		{602BE3D4-1459-4489-847D-91D5624CBB5D}.Release|Any CPU.ActiveCfg = Release|iPhone
		{602BE3D4-1459-4489-847D-91D5624CBB5D}.Release|Any CPU.Build.0 = Release|iPhone
		{602BE3D4-1459-4489-847D-91D5624CBB5D}.Debug|iPhoneSimulator.ActiveCfg = Debug|iPhoneSimulator
		{602BE3D4-1459-4489-847D-91D5624CBB5D}.Debug|iPhoneSimulator.Build.0 = Debug|iPhoneSimulator
		{602BE3D4-1459-4489-847D-91D5624CBB5D}.Release|iPhone.ActiveCfg = Release|iPhone
		{602BE3D4-1459-4489-847D-91D5624CBB5D}.Release|iPhone.Build.0 = Release|iPhone
		{602BE3D4-1459-4489-847D-91D5624CBB5D}.Release|iPhoneSimulator.ActiveCfg = Release|iPhoneSimulator
		{602BE3D4-1459-4489-847D-91D5624CBB5D}.Release|iPhoneSimulator.Build.0 = Release|iPhoneSimulator
		{602BE3D4-1459-4489-847D-91D5624CBB5D}.Debug|iPhone.ActiveCfg = Debug|iPhone
		{602BE3D4-1459-4489-847D-91D5624CBB5D}.Debug|iPhone.Build.0 = Debug|iPhone
		{FD9B2BA5-11DE-4102-AB8B-6A12C8671E66}.Debug|Any CPU.ActiveCfg = Debug|Any CPU
		{FD9B2BA5-11DE-4102-AB8B-6A12C8671E66}.Debug|Any CPU.Build.0 = Debug|Any CPU
		{FD9B2BA5-11DE-4102-AB8B-6A12C8671E66}.Release|Any CPU.ActiveCfg = Release|Any CPU
		{FD9B2BA5-11DE-4102-AB8B-6A12C8671E66}.Release|Any CPU.Build.0 = Release|Any CPU
		{FD9B2BA5-11DE-4102-AB8B-6A12C8671E66}.Debug|iPhoneSimulator.ActiveCfg = Debug|Any CPU
		{FD9B2BA5-11DE-4102-AB8B-6A12C8671E66}.Debug|iPhoneSimulator.Build.0 = Debug|Any CPU
		{FD9B2BA5-11DE-4102-AB8B-6A12C8671E66}.Release|iPhone.ActiveCfg = Release|Any CPU
		{FD9B2BA5-11DE-4102-AB8B-6A12C8671E66}.Release|iPhone.Build.0 = Release|Any CPU
		{FD9B2BA5-11DE-4102-AB8B-6A12C8671E66}.Release|iPhoneSimulator.ActiveCfg = Release|Any CPU
		{FD9B2BA5-11DE-4102-AB8B-6A12C8671E66}.Release|iPhoneSimulator.Build.0 = Release|Any CPU
		{FD9B2BA5-11DE-4102-AB8B-6A12C8671E66}.Debug|iPhone.ActiveCfg = Debug|Any CPU
		{FD9B2BA5-11DE-4102-AB8B-6A12C8671E66}.Debug|iPhone.Build.0 = Debug|Any CPU
	EndGlobalSection
EndGlobal
